// !$*UTF8*$!
{
	archiveVersion = 1;
	classes = {
	};
	objectVersion = 51;
	objects = {

/* Begin PBXBuildFile section */
		0A01F7692392400800A6E5E6 /* HTTPManager.swift in Sources */ = {isa = PBXBuildFile; fileRef = 0A01F7682392400800A6E5E6 /* HTTPManager.swift */; };
		0A11FDA123A7C65B00BF4BED /* UserModel.swift in Sources */ = {isa = PBXBuildFile; fileRef = 0A11FDA023A7C65B00BF4BED /* UserModel.swift */; };
		0A19DCDB239B465300CA5D24 /* IconLabel.swift in Sources */ = {isa = PBXBuildFile; fileRef = 0A19DCDA239B465300CA5D24 /* IconLabel.swift */; };
		0A2CF40A2391530D00F914C5 /* FBRootVC.swift in Sources */ = {isa = PBXBuildFile; fileRef = 0A2CF4082391530D00F914C5 /* FBRootVC.swift */; };
		0A2CF40B2391530D00F914C5 /* FBRootVC.xib in Resources */ = {isa = PBXBuildFile; fileRef = 0A2CF4092391530D00F914C5 /* FBRootVC.xib */; };
		0A2CF41923916DA400F914C5 /* FBRootCell.swift in Sources */ = {isa = PBXBuildFile; fileRef = 0A2CF41723916DA400F914C5 /* FBRootCell.swift */; };
		0A2CF41A23916DA400F914C5 /* FBRootCell.xib in Resources */ = {isa = PBXBuildFile; fileRef = 0A2CF41823916DA400F914C5 /* FBRootCell.xib */; };
		0A300D1F239C8C030025FC04 /* FloatingPointExt.swift in Sources */ = {isa = PBXBuildFile; fileRef = 0A300D1E239C8C030025FC04 /* FloatingPointExt.swift */; };
		0A300D21239C90310025FC04 /* UIElement.swift in Sources */ = {isa = PBXBuildFile; fileRef = 0A300D20239C90310025FC04 /* UIElement.swift */; };
		0A300D23239CBB470025FC04 /* UIViewControllerExt.swift in Sources */ = {isa = PBXBuildFile; fileRef = 0A300D22239CBB470025FC04 /* UIViewControllerExt.swift */; };
		0A300D25239D04F00025FC04 /* UIButtonExt.swift in Sources */ = {isa = PBXBuildFile; fileRef = 0A300D24239D04F00025FC04 /* UIButtonExt.swift */; };
		0A384B4C239EA8E600CBE1F8 /* TestWindowVC.swift in Sources */ = {isa = PBXBuildFile; fileRef = 0A384B4A239EA8E600CBE1F8 /* TestWindowVC.swift */; };
		0A384B4D239EA8E600CBE1F8 /* TestWindowVC.xib in Resources */ = {isa = PBXBuildFile; fileRef = 0A384B4B239EA8E600CBE1F8 /* TestWindowVC.xib */; };
		0A53303B238EC957009B5375 /* DataStringExt.swift in Sources */ = {isa = PBXBuildFile; fileRef = 0A53303A238EC957009B5375 /* DataStringExt.swift */; };
		0A53303D238EC965009B5375 /* StringExt.swift in Sources */ = {isa = PBXBuildFile; fileRef = 0A53303C238EC965009B5375 /* StringExt.swift */; };
		0A53A528239E7E9C00A51A54 /* UIImageExt.swift in Sources */ = {isa = PBXBuildFile; fileRef = 0A53A527239E7E9C00A51A54 /* UIImageExt.swift */; };
		0A768A4E239955A90027A68A /* Metrics.swift in Sources */ = {isa = PBXBuildFile; fileRef = 0A768A4D239955A90027A68A /* Metrics.swift */; };
		0A8E76BA23A4845D00AFA2BA /* TestAutolayoutView.swift in Sources */ = {isa = PBXBuildFile; fileRef = 0A8E76B923A4845D00AFA2BA /* TestAutolayoutView.swift */; };
		0A8E76BD23A48F4F00AFA2BA /* TestHierachyRedVC.swift in Sources */ = {isa = PBXBuildFile; fileRef = 0A8E76BC23A48F4F00AFA2BA /* TestHierachyRedVC.swift */; };
		0A9B191923A12E47008906F0 /* TestViewStateRootVC.swift in Sources */ = {isa = PBXBuildFile; fileRef = 0A9B191823A12E47008906F0 /* TestViewStateRootVC.swift */; };
		0A9B191B23A13434008906F0 /* PageStateView.swift in Sources */ = {isa = PBXBuildFile; fileRef = 0A9B191A23A13434008906F0 /* PageStateView.swift */; };
		0AACE9C223A27497004A1BC1 /* theme_red.plist in Resources */ = {isa = PBXBuildFile; fileRef = 0AACE9C123A27497004A1BC1 /* theme_red.plist */; };
		0AACE9C423A274DB004A1BC1 /* theme_blue.plist in Resources */ = {isa = PBXBuildFile; fileRef = 0AACE9C323A274DB004A1BC1 /* theme_blue.plist */; };
		0AACE9C623A27A6A004A1BC1 /* ToolBar.swift in Sources */ = {isa = PBXBuildFile; fileRef = 0AACE9C523A27A6A004A1BC1 /* ToolBar.swift */; };
		0ACBB21223A4A1BD0069F4D7 /* AccountManager.swift in Sources */ = {isa = PBXBuildFile; fileRef = 0ACBB21123A4A1BD0069F4D7 /* AccountManager.swift */; };
		0ACBB21823A5EF590069F4D7 /* Localizable.strings in Resources */ = {isa = PBXBuildFile; fileRef = 0ACBB21423A5EF590069F4D7 /* Localizable.strings */; };
		0ACBB21C23A5FDEE0069F4D7 /* TestJSONVC.swift in Sources */ = {isa = PBXBuildFile; fileRef = 0ACBB21B23A5FDEE0069F4D7 /* TestJSONVC.swift */; };
		0ACBB21E23A6319C0069F4D7 /* TestJSON.swift in Sources */ = {isa = PBXBuildFile; fileRef = 0ACBB21D23A6319C0069F4D7 /* TestJSON.swift */; };
		51ED5B58178026AF3ADCE160 /* Pods_Foobar.framework in Frameworks */ = {isa = PBXBuildFile; fileRef = B939E3EA71620A7E4506A704 /* Pods_Foobar.framework */; };
		BB11C65623A3AB7E00008938 /* navbar_back_dark@3x.png in Resources */ = {isa = PBXBuildFile; fileRef = BB11C65223A3AB7E00008938 /* navbar_back_dark@3x.png */; };
		BB11C65723A3AB7E00008938 /* navbar_back_dark@2x.png in Resources */ = {isa = PBXBuildFile; fileRef = BB11C65323A3AB7E00008938 /* navbar_back_dark@2x.png */; };
		BB11C65823A3AB7E00008938 /* navbar_back_light@2x.png in Resources */ = {isa = PBXBuildFile; fileRef = BB11C65423A3AB7E00008938 /* navbar_back_light@2x.png */; };
		BB11C65923A3AB7E00008938 /* navbar_back_light@3x.png in Resources */ = {isa = PBXBuildFile; fileRef = BB11C65523A3AB7E00008938 /* navbar_back_light@3x.png */; };
		BB3C5AED23AB1DD40078F953 /* TestScrollPageVC.swift in Sources */ = {isa = PBXBuildFile; fileRef = BB3C5AEC23AB1DD40078F953 /* TestScrollPageVC.swift */; };
		BB3C5AEF23AB1EED0078F953 /* GlobalImport.swift in Sources */ = {isa = PBXBuildFile; fileRef = BB3C5AEE23AB1EED0078F953 /* GlobalImport.swift */; };
		BB3C5AF123AB46270078F953 /* TestStaticVC.swift in Sources */ = {isa = PBXBuildFile; fileRef = BB3C5AF023AB46270078F953 /* TestStaticVC.swift */; };
		BB41B29923A78EB400BD1EF4 /* Archive.swift in Sources */ = {isa = PBXBuildFile; fileRef = BB41B29823A78EB400BD1EF4 /* Archive.swift */; };
		BB462887239E477900989126 /* TestReusableVC.swift in Sources */ = {isa = PBXBuildFile; fileRef = BB462885239E477900989126 /* TestReusableVC.swift */; };
		BB462888239E477900989126 /* TestReusableVC.xib in Resources */ = {isa = PBXBuildFile; fileRef = BB462886239E477900989126 /* TestReusableVC.xib */; };
		BB46288B239E478E00989126 /* TestReusableTC.swift in Sources */ = {isa = PBXBuildFile; fileRef = BB462889239E478E00989126 /* TestReusableTC.swift */; };
		BB46288C239E478E00989126 /* TestReusableTC.xib in Resources */ = {isa = PBXBuildFile; fileRef = BB46288A239E478E00989126 /* TestReusableTC.xib */; };
		BB46288E239E49A400989126 /* TestReusableXXTC.swift in Sources */ = {isa = PBXBuildFile; fileRef = BB46288D239E49A400989126 /* TestReusableXXTC.swift */; };
		BB462893239E5BE900989126 /* PageState.swift in Sources */ = {isa = PBXBuildFile; fileRef = BB462892239E5BE900989126 /* PageState.swift */; };
		BB46289A239E5CDF00989126 /* TestViewStateVC.swift in Sources */ = {isa = PBXBuildFile; fileRef = BB462899239E5CDF00989126 /* TestViewStateVC.swift */; };
		BB5885A3239E44650051220C /* TestLoadView.xib in Resources */ = {isa = PBXBuildFile; fileRef = BB5885A2239E44650051220C /* TestLoadView.xib */; };
		BB5885A5239E44780051220C /* TestLoadView.swift in Sources */ = {isa = PBXBuildFile; fileRef = BB5885A4239E44780051220C /* TestLoadView.swift */; };
		BB5D0D8B239F655B002CEA09 /* TestEntryView.swift in Sources */ = {isa = PBXBuildFile; fileRef = BB5D0D8A239F655B002CEA09 /* TestEntryView.swift */; };
		BB6C9A61239DF3F300822180 /* Core.swift in Sources */ = {isa = PBXBuildFile; fileRef = BB6C9A60239DF3F300822180 /* Core.swift */; };
		BB6C9A63239DF52400822180 /* RichText.swift in Sources */ = {isa = PBXBuildFile; fileRef = BB6C9A62239DF52400822180 /* RichText.swift */; };
		BB6C9A65239E06DA00822180 /* TestThen.swift in Sources */ = {isa = PBXBuildFile; fileRef = BB6C9A64239E06DA00822180 /* TestThen.swift */; };
		BB7959CA23A8D6C000A21343 /* TestProtocolVC.swift in Sources */ = {isa = PBXBuildFile; fileRef = BB7959C923A8D6C000A21343 /* TestProtocolVC.swift */; };
		BB7959CC23A8ECA900A21343 /* FlowView.swift in Sources */ = {isa = PBXBuildFile; fileRef = BB7959CB23A8ECA900A21343 /* FlowView.swift */; };
		BB8A3A21239DD5A000DF3125 /* TestMultiLineButton.swift in Sources */ = {isa = PBXBuildFile; fileRef = BB8A3A20239DD5A000DF3125 /* TestMultiLineButton.swift */; };
		BB8D53D22399DFFB008BA419 /* Path.swift in Sources */ = {isa = PBXBuildFile; fileRef = BB8D53D12399DFFB008BA419 /* Path.swift */; };
		BB8D53D42399E04A008BA419 /* Base64.swift in Sources */ = {isa = PBXBuildFile; fileRef = BB8D53D32399E04A008BA419 /* Base64.swift */; };
		BB8D53D62399E07D008BA419 /* Formatter.swift in Sources */ = {isa = PBXBuildFile; fileRef = BB8D53D52399E07D008BA419 /* Formatter.swift */; };
		BB8D53DE2399F931008BA419 /* Layout.swift in Sources */ = {isa = PBXBuildFile; fileRef = BB8D53DD2399F931008BA419 /* Layout.swift */; };
		BB91D2BF238E35130048D384 /* AppDelegate.swift in Sources */ = {isa = PBXBuildFile; fileRef = BB91D2BE238E35130048D384 /* AppDelegate.swift */; };
		BB91D2C3238E35130048D384 /* ViewController.swift in Sources */ = {isa = PBXBuildFile; fileRef = BB91D2C2238E35130048D384 /* ViewController.swift */; };
		BB91D2C6238E35130048D384 /* Main.storyboard in Resources */ = {isa = PBXBuildFile; fileRef = BB91D2C4238E35130048D384 /* Main.storyboard */; };
		BB91D2C8238E35160048D384 /* Assets.xcassets in Resources */ = {isa = PBXBuildFile; fileRef = BB91D2C7238E35160048D384 /* Assets.xcassets */; };
		BB91D2CB238E35160048D384 /* LaunchScreen.storyboard in Resources */ = {isa = PBXBuildFile; fileRef = BB91D2C9238E35160048D384 /* LaunchScreen.storyboard */; };
		BB91D2E0238E451E0048D384 /* UIViewExt.swift in Sources */ = {isa = PBXBuildFile; fileRef = BB91D2DF238E451E0048D384 /* UIViewExt.swift */; };
		BB9D82E523A9F46B00CE73A1 /* ArrayExt.swift in Sources */ = {isa = PBXBuildFile; fileRef = BB9D82E423A9F46B00CE73A1 /* ArrayExt.swift */; };
		BBBB0608239F2DB60004613C /* ThroughView.swift in Sources */ = {isa = PBXBuildFile; fileRef = BBBB0607239F2DB60004613C /* ThroughView.swift */; };
		BBBB060A239F403B0004613C /* Overlay.swift in Sources */ = {isa = PBXBuildFile; fileRef = BBBB0609239F403B0004613C /* Overlay.swift */; };
		BBBB060D239F58820004613C /* Drop.swift in Sources */ = {isa = PBXBuildFile; fileRef = BBBB060C239F58820004613C /* Drop.swift */; };
		BBE5F1A423A31D2F00DC9978 /* NavBar.swift in Sources */ = {isa = PBXBuildFile; fileRef = BBE5F1A323A31D2F00DC9978 /* NavBar.swift */; };
		BBE7DCB223A23351009A650F /* TestCodingObject.swift in Sources */ = {isa = PBXBuildFile; fileRef = BBE7DCB123A23351009A650F /* TestCodingObject.swift */; };
		BBE7DCB423A23BE7009A650F /* Expiration.swift in Sources */ = {isa = PBXBuildFile; fileRef = BBE7DCB323A23BE7009A650F /* Expiration.swift */; };
		BBE7DCB823A23EF7009A650F /* BaseViewController.swift in Sources */ = {isa = PBXBuildFile; fileRef = BBE7DCB723A23EF7009A650F /* BaseViewController.swift */; };
		BBE7DCDE23A24C9B009A650F /* TestCircleView.swift in Sources */ = {isa = PBXBuildFile; fileRef = BBE7DCDD23A24C9B009A650F /* TestCircleView.swift */; };
		BBE7DCE023A25423009A650F /* TestLabel.swift in Sources */ = {isa = PBXBuildFile; fileRef = BBE7DCDF23A25423009A650F /* TestLabel.swift */; };
		BBEA347523A866DE00FBC575 /* TestPullToRefreshVC.swift in Sources */ = {isa = PBXBuildFile; fileRef = BBEA347423A866DE00FBC575 /* TestPullToRefreshVC.swift */; };
		BBEA347923A8A0A400FBC575 /* PullToRefresh.swift in Sources */ = {isa = PBXBuildFile; fileRef = BBEA347823A8A0A400FBC575 /* PullToRefresh.swift */; };
		BBEA347C23A8BA4700FBC575 /* TestAutolayoutVC.swift in Sources */ = {isa = PBXBuildFile; fileRef = BBEA347B23A8BA4700FBC575 /* TestAutolayoutVC.swift */; };
/* End PBXBuildFile section */

/* Begin PBXFileReference section */
		0A01F7682392400800A6E5E6 /* HTTPManager.swift */ = {isa = PBXFileReference; fileEncoding = 4; lastKnownFileType = sourcecode.swift; path = HTTPManager.swift; sourceTree = "<group>"; };
		0A11FDA023A7C65B00BF4BED /* UserModel.swift */ = {isa = PBXFileReference; lastKnownFileType = sourcecode.swift; path = UserModel.swift; sourceTree = "<group>"; };
		0A19DCDA239B465300CA5D24 /* IconLabel.swift */ = {isa = PBXFileReference; lastKnownFileType = sourcecode.swift; path = IconLabel.swift; sourceTree = "<group>"; };
		0A2CF4082391530D00F914C5 /* FBRootVC.swift */ = {isa = PBXFileReference; lastKnownFileType = sourcecode.swift; path = FBRootVC.swift; sourceTree = "<group>"; };
		0A2CF4092391530D00F914C5 /* FBRootVC.xib */ = {isa = PBXFileReference; lastKnownFileType = file.xib; path = FBRootVC.xib; sourceTree = "<group>"; };
		0A2CF4162391675A00F914C5 /* README.md */ = {isa = PBXFileReference; lastKnownFileType = net.daringfireball.markdown; path = README.md; sourceTree = "<group>"; };
		0A2CF41723916DA400F914C5 /* FBRootCell.swift */ = {isa = PBXFileReference; lastKnownFileType = sourcecode.swift; path = FBRootCell.swift; sourceTree = "<group>"; };
		0A2CF41823916DA400F914C5 /* FBRootCell.xib */ = {isa = PBXFileReference; lastKnownFileType = file.xib; path = FBRootCell.xib; sourceTree = "<group>"; };
		0A300D1E239C8C030025FC04 /* FloatingPointExt.swift */ = {isa = PBXFileReference; lastKnownFileType = sourcecode.swift; path = FloatingPointExt.swift; sourceTree = "<group>"; };
		0A300D20239C90310025FC04 /* UIElement.swift */ = {isa = PBXFileReference; lastKnownFileType = sourcecode.swift; path = UIElement.swift; sourceTree = "<group>"; };
		0A300D22239CBB470025FC04 /* UIViewControllerExt.swift */ = {isa = PBXFileReference; lastKnownFileType = sourcecode.swift; path = UIViewControllerExt.swift; sourceTree = "<group>"; };
		0A300D24239D04F00025FC04 /* UIButtonExt.swift */ = {isa = PBXFileReference; lastKnownFileType = sourcecode.swift; path = UIButtonExt.swift; sourceTree = "<group>"; };
		0A384B4A239EA8E600CBE1F8 /* TestWindowVC.swift */ = {isa = PBXFileReference; lastKnownFileType = sourcecode.swift; path = TestWindowVC.swift; sourceTree = "<group>"; };
		0A384B4B239EA8E600CBE1F8 /* TestWindowVC.xib */ = {isa = PBXFileReference; lastKnownFileType = file.xib; path = TestWindowVC.xib; sourceTree = "<group>"; };
		0A53303A238EC957009B5375 /* DataStringExt.swift */ = {isa = PBXFileReference; lastKnownFileType = sourcecode.swift; path = DataStringExt.swift; sourceTree = "<group>"; };
		0A53303C238EC965009B5375 /* StringExt.swift */ = {isa = PBXFileReference; lastKnownFileType = sourcecode.swift; path = StringExt.swift; sourceTree = "<group>"; };
		0A53A527239E7E9C00A51A54 /* UIImageExt.swift */ = {isa = PBXFileReference; lastKnownFileType = sourcecode.swift; path = UIImageExt.swift; sourceTree = "<group>"; };
		0A768A4D239955A90027A68A /* Metrics.swift */ = {isa = PBXFileReference; lastKnownFileType = sourcecode.swift; path = Metrics.swift; sourceTree = "<group>"; };
		0A8E76B923A4845D00AFA2BA /* TestAutolayoutView.swift */ = {isa = PBXFileReference; lastKnownFileType = sourcecode.swift; path = TestAutolayoutView.swift; sourceTree = "<group>"; };
		0A8E76BC23A48F4F00AFA2BA /* TestHierachyRedVC.swift */ = {isa = PBXFileReference; lastKnownFileType = sourcecode.swift; path = TestHierachyRedVC.swift; sourceTree = "<group>"; };
		0A9B191823A12E47008906F0 /* TestViewStateRootVC.swift */ = {isa = PBXFileReference; lastKnownFileType = sourcecode.swift; path = TestViewStateRootVC.swift; sourceTree = "<group>"; };
		0A9B191A23A13434008906F0 /* PageStateView.swift */ = {isa = PBXFileReference; lastKnownFileType = sourcecode.swift; path = PageStateView.swift; sourceTree = "<group>"; };
		0AACE9C123A27497004A1BC1 /* theme_red.plist */ = {isa = PBXFileReference; lastKnownFileType = text.plist.xml; path = theme_red.plist; sourceTree = "<group>"; };
		0AACE9C323A274DB004A1BC1 /* theme_blue.plist */ = {isa = PBXFileReference; lastKnownFileType = text.plist.xml; path = theme_blue.plist; sourceTree = "<group>"; };
		0AACE9C523A27A6A004A1BC1 /* ToolBar.swift */ = {isa = PBXFileReference; lastKnownFileType = sourcecode.swift; path = ToolBar.swift; sourceTree = "<group>"; };
		0ACBB21123A4A1BD0069F4D7 /* AccountManager.swift */ = {isa = PBXFileReference; lastKnownFileType = sourcecode.swift; path = AccountManager.swift; sourceTree = "<group>"; };
		0ACBB21523A5EF590069F4D7 /* zh-Hans */ = {isa = PBXFileReference; lastKnownFileType = text.plist.strings; name = "zh-Hans"; path = "zh-Hans.lproj/Localizable.strings"; sourceTree = "<group>"; };
		0ACBB21623A5EF590069F4D7 /* en */ = {isa = PBXFileReference; lastKnownFileType = text.plist.strings; name = en; path = en.lproj/Localizable.strings; sourceTree = "<group>"; };
		0ACBB21723A5EF590069F4D7 /* zh-Hant */ = {isa = PBXFileReference; lastKnownFileType = text.plist.strings; name = "zh-Hant"; path = "zh-Hant.lproj/Localizable.strings"; sourceTree = "<group>"; };
		0ACBB21B23A5FDEE0069F4D7 /* TestJSONVC.swift */ = {isa = PBXFileReference; lastKnownFileType = sourcecode.swift; path = TestJSONVC.swift; sourceTree = "<group>"; };
		0ACBB21D23A6319C0069F4D7 /* TestJSON.swift */ = {isa = PBXFileReference; lastKnownFileType = sourcecode.swift; path = TestJSON.swift; sourceTree = "<group>"; };
		2BCD74F1A55A7280F3DB3800 /* Pods-Foobar.release.xcconfig */ = {isa = PBXFileReference; includeInIndex = 1; lastKnownFileType = text.xcconfig; name = "Pods-Foobar.release.xcconfig"; path = "Target Support Files/Pods-Foobar/Pods-Foobar.release.xcconfig"; sourceTree = "<group>"; };
		B939E3EA71620A7E4506A704 /* Pods_Foobar.framework */ = {isa = PBXFileReference; explicitFileType = wrapper.framework; includeInIndex = 0; path = Pods_Foobar.framework; sourceTree = BUILT_PRODUCTS_DIR; };
		BB11C65223A3AB7E00008938 /* navbar_back_dark@3x.png */ = {isa = PBXFileReference; lastKnownFileType = image.png; path = "navbar_back_dark@3x.png"; sourceTree = "<group>"; };
		BB11C65323A3AB7E00008938 /* navbar_back_dark@2x.png */ = {isa = PBXFileReference; lastKnownFileType = image.png; path = "navbar_back_dark@2x.png"; sourceTree = "<group>"; };
		BB11C65423A3AB7E00008938 /* navbar_back_light@2x.png */ = {isa = PBXFileReference; lastKnownFileType = image.png; path = "navbar_back_light@2x.png"; sourceTree = "<group>"; };
		BB11C65523A3AB7E00008938 /* navbar_back_light@3x.png */ = {isa = PBXFileReference; lastKnownFileType = image.png; path = "navbar_back_light@3x.png"; sourceTree = "<group>"; };
		BB3C5AEC23AB1DD40078F953 /* TestScrollPageVC.swift */ = {isa = PBXFileReference; lastKnownFileType = sourcecode.swift; path = TestScrollPageVC.swift; sourceTree = "<group>"; };
		BB3C5AEE23AB1EED0078F953 /* GlobalImport.swift */ = {isa = PBXFileReference; lastKnownFileType = sourcecode.swift; path = GlobalImport.swift; sourceTree = "<group>"; };
		BB3C5AF023AB46270078F953 /* TestStaticVC.swift */ = {isa = PBXFileReference; lastKnownFileType = sourcecode.swift; path = TestStaticVC.swift; sourceTree = "<group>"; };
		BB41B29823A78EB400BD1EF4 /* Archive.swift */ = {isa = PBXFileReference; lastKnownFileType = sourcecode.swift; path = Archive.swift; sourceTree = "<group>"; };
		BB462885239E477900989126 /* TestReusableVC.swift */ = {isa = PBXFileReference; lastKnownFileType = sourcecode.swift; path = TestReusableVC.swift; sourceTree = "<group>"; };
		BB462886239E477900989126 /* TestReusableVC.xib */ = {isa = PBXFileReference; lastKnownFileType = file.xib; path = TestReusableVC.xib; sourceTree = "<group>"; };
		BB462889239E478E00989126 /* TestReusableTC.swift */ = {isa = PBXFileReference; lastKnownFileType = sourcecode.swift; path = TestReusableTC.swift; sourceTree = "<group>"; };
		BB46288A239E478E00989126 /* TestReusableTC.xib */ = {isa = PBXFileReference; lastKnownFileType = file.xib; path = TestReusableTC.xib; sourceTree = "<group>"; };
		BB46288D239E49A400989126 /* TestReusableXXTC.swift */ = {isa = PBXFileReference; lastKnownFileType = sourcecode.swift; path = TestReusableXXTC.swift; sourceTree = "<group>"; };
		BB462892239E5BE900989126 /* PageState.swift */ = {isa = PBXFileReference; lastKnownFileType = sourcecode.swift; path = PageState.swift; sourceTree = "<group>"; };
		BB462899239E5CDF00989126 /* TestViewStateVC.swift */ = {isa = PBXFileReference; lastKnownFileType = sourcecode.swift; path = TestViewStateVC.swift; sourceTree = "<group>"; };
		BB5885A2239E44650051220C /* TestLoadView.xib */ = {isa = PBXFileReference; lastKnownFileType = file.xib; path = TestLoadView.xib; sourceTree = "<group>"; };
		BB5885A4239E44780051220C /* TestLoadView.swift */ = {isa = PBXFileReference; lastKnownFileType = sourcecode.swift; path = TestLoadView.swift; sourceTree = "<group>"; };
		BB5D0D8A239F655B002CEA09 /* TestEntryView.swift */ = {isa = PBXFileReference; lastKnownFileType = sourcecode.swift; path = TestEntryView.swift; sourceTree = "<group>"; };
		BB6C9A60239DF3F300822180 /* Core.swift */ = {isa = PBXFileReference; lastKnownFileType = sourcecode.swift; path = Core.swift; sourceTree = "<group>"; };
		BB6C9A62239DF52400822180 /* RichText.swift */ = {isa = PBXFileReference; lastKnownFileType = sourcecode.swift; path = RichText.swift; sourceTree = "<group>"; };
		BB6C9A64239E06DA00822180 /* TestThen.swift */ = {isa = PBXFileReference; lastKnownFileType = sourcecode.swift; path = TestThen.swift; sourceTree = "<group>"; };
		BB7959C923A8D6C000A21343 /* TestProtocolVC.swift */ = {isa = PBXFileReference; lastKnownFileType = sourcecode.swift; path = TestProtocolVC.swift; sourceTree = "<group>"; };
		BB7959CB23A8ECA900A21343 /* FlowView.swift */ = {isa = PBXFileReference; lastKnownFileType = sourcecode.swift; path = FlowView.swift; sourceTree = "<group>"; };
		BB8A3A20239DD5A000DF3125 /* TestMultiLineButton.swift */ = {isa = PBXFileReference; fileEncoding = 4; lastKnownFileType = sourcecode.swift; path = TestMultiLineButton.swift; sourceTree = "<group>"; };
		BB8D53D12399DFFB008BA419 /* Path.swift */ = {isa = PBXFileReference; lastKnownFileType = sourcecode.swift; path = Path.swift; sourceTree = "<group>"; };
		BB8D53D32399E04A008BA419 /* Base64.swift */ = {isa = PBXFileReference; lastKnownFileType = sourcecode.swift; path = Base64.swift; sourceTree = "<group>"; };
		BB8D53D52399E07D008BA419 /* Formatter.swift */ = {isa = PBXFileReference; lastKnownFileType = sourcecode.swift; path = Formatter.swift; sourceTree = "<group>"; };
		BB8D53DD2399F931008BA419 /* Layout.swift */ = {isa = PBXFileReference; lastKnownFileType = sourcecode.swift; path = Layout.swift; sourceTree = "<group>"; };
		BB91D2BB238E35130048D384 /* Foobar.app */ = {isa = PBXFileReference; explicitFileType = wrapper.application; includeInIndex = 0; path = Foobar.app; sourceTree = BUILT_PRODUCTS_DIR; };
		BB91D2BE238E35130048D384 /* AppDelegate.swift */ = {isa = PBXFileReference; lastKnownFileType = sourcecode.swift; path = AppDelegate.swift; sourceTree = "<group>"; };
		BB91D2C2238E35130048D384 /* ViewController.swift */ = {isa = PBXFileReference; lastKnownFileType = sourcecode.swift; path = ViewController.swift; sourceTree = "<group>"; };
		BB91D2C5238E35130048D384 /* Base */ = {isa = PBXFileReference; lastKnownFileType = file.storyboard; name = Base; path = Base.lproj/Main.storyboard; sourceTree = "<group>"; };
		BB91D2C7238E35160048D384 /* Assets.xcassets */ = {isa = PBXFileReference; lastKnownFileType = folder.assetcatalog; path = Assets.xcassets; sourceTree = "<group>"; };
		BB91D2CA238E35160048D384 /* Base */ = {isa = PBXFileReference; lastKnownFileType = file.storyboard; name = Base; path = Base.lproj/LaunchScreen.storyboard; sourceTree = "<group>"; };
		BB91D2CC238E35160048D384 /* Info.plist */ = {isa = PBXFileReference; lastKnownFileType = text.plist.xml; path = Info.plist; sourceTree = "<group>"; };
		BB91D2DF238E451E0048D384 /* UIViewExt.swift */ = {isa = PBXFileReference; fileEncoding = 4; lastKnownFileType = sourcecode.swift; path = UIViewExt.swift; sourceTree = "<group>"; };
		BB9D82E423A9F46B00CE73A1 /* ArrayExt.swift */ = {isa = PBXFileReference; lastKnownFileType = sourcecode.swift; path = ArrayExt.swift; sourceTree = "<group>"; };
		BBBB0607239F2DB60004613C /* ThroughView.swift */ = {isa = PBXFileReference; lastKnownFileType = sourcecode.swift; path = ThroughView.swift; sourceTree = "<group>"; };
		BBBB0609239F403B0004613C /* Overlay.swift */ = {isa = PBXFileReference; lastKnownFileType = sourcecode.swift; path = Overlay.swift; sourceTree = "<group>"; };
		BBBB060C239F58820004613C /* Drop.swift */ = {isa = PBXFileReference; fileEncoding = 4; lastKnownFileType = sourcecode.swift; path = Drop.swift; sourceTree = "<group>"; };
		BBE5F1A323A31D2F00DC9978 /* NavBar.swift */ = {isa = PBXFileReference; lastKnownFileType = sourcecode.swift; path = NavBar.swift; sourceTree = "<group>"; };
		BBE7DCB123A23351009A650F /* TestCodingObject.swift */ = {isa = PBXFileReference; lastKnownFileType = sourcecode.swift; path = TestCodingObject.swift; sourceTree = "<group>"; };
		BBE7DCB323A23BE7009A650F /* Expiration.swift */ = {isa = PBXFileReference; lastKnownFileType = sourcecode.swift; path = Expiration.swift; sourceTree = "<group>"; };
		BBE7DCB723A23EF7009A650F /* BaseViewController.swift */ = {isa = PBXFileReference; lastKnownFileType = sourcecode.swift; path = BaseViewController.swift; sourceTree = "<group>"; };
		BBE7DCDD23A24C9B009A650F /* TestCircleView.swift */ = {isa = PBXFileReference; lastKnownFileType = sourcecode.swift; path = TestCircleView.swift; sourceTree = "<group>"; };
		BBE7DCDF23A25423009A650F /* TestLabel.swift */ = {isa = PBXFileReference; lastKnownFileType = sourcecode.swift; path = TestLabel.swift; sourceTree = "<group>"; };
		BBEA347423A866DE00FBC575 /* TestPullToRefreshVC.swift */ = {isa = PBXFileReference; lastKnownFileType = sourcecode.swift; path = TestPullToRefreshVC.swift; sourceTree = "<group>"; };
		BBEA347823A8A0A400FBC575 /* PullToRefresh.swift */ = {isa = PBXFileReference; fileEncoding = 4; lastKnownFileType = sourcecode.swift; path = PullToRefresh.swift; sourceTree = "<group>"; };
		BBEA347B23A8BA4700FBC575 /* TestAutolayoutVC.swift */ = {isa = PBXFileReference; lastKnownFileType = sourcecode.swift; path = TestAutolayoutVC.swift; sourceTree = "<group>"; };
		F83B494BE851057FCED14615 /* Pods-Foobar.debug.xcconfig */ = {isa = PBXFileReference; includeInIndex = 1; lastKnownFileType = text.xcconfig; name = "Pods-Foobar.debug.xcconfig"; path = "Target Support Files/Pods-Foobar/Pods-Foobar.debug.xcconfig"; sourceTree = "<group>"; };
/* End PBXFileReference section */

/* Begin PBXFrameworksBuildPhase section */
		BB91D2B8238E35130048D384 /* Frameworks */ = {
			isa = PBXFrameworksBuildPhase;
			buildActionMask = 2147483647;
			files = (
				51ED5B58178026AF3ADCE160 /* Pods_Foobar.framework in Frameworks */,
			);
			runOnlyForDeploymentPostprocessing = 0;
		};
/* End PBXFrameworksBuildPhase section */

/* Begin PBXGroup section */
		0A01F7672392400800A6E5E6 /* Utils */ = {
			isa = PBXGroup;
			children = (
				BBB14E772394A1C400E6E5D9 /* Network */,
				0ACBB21023A4A19A0069F4D7 /* AccountManager */,
				BBE7DCB523A23DD7009A650F /* Expiration */,
			);
			path = Utils;
			sourceTree = "<group>";
		};
		0A19DCD0239B447F00CA5D24 /* Common */ = {
			isa = PBXGroup;
			children = (
				0A19DCD5239B44A800CA5D24 /* Message */,
				BB46288F239E54A600989126 /* PageState */,
				BBE7DCB623A23ED5009A650F /* Views */,
				0A19DCD6239B44BB00CA5D24 /* ViewControllers */,
			);
			path = Common;
			sourceTree = "<group>";
		};
		0A19DCD5239B44A800CA5D24 /* Message */ = {
			isa = PBXGroup;
			children = (
				BBBB0609239F403B0004613C /* Overlay.swift */,
				BBBB060C239F58820004613C /* Drop.swift */,
			);
			name = Message;
			sourceTree = "<group>";
		};
		0A19DCD6239B44BB00CA5D24 /* ViewControllers */ = {
			isa = PBXGroup;
			children = (
				BBE7DCB723A23EF7009A650F /* BaseViewController.swift */,
				BBE5F1A323A31D2F00DC9978 /* NavBar.swift */,
				0AACE9C523A27A6A004A1BC1 /* ToolBar.swift */,
				0AAD582123A3E43200E62092 /* images */,
			);
			name = ViewControllers;
			sourceTree = "<group>";
		};
		0A384B49239EA8AB00CBE1F8 /* TestWindow */ = {
			isa = PBXGroup;
			children = (
				0A384B4A239EA8E600CBE1F8 /* TestWindowVC.swift */,
				0A384B4B239EA8E600CBE1F8 /* TestWindowVC.xib */,
				BBE7DCDF23A25423009A650F /* TestLabel.swift */,
				BBE7DCDD23A24C9B009A650F /* TestCircleView.swift */,
				BBE7DCB123A23351009A650F /* TestCodingObject.swift */,
				BBBB0607239F2DB60004613C /* ThroughView.swift */,
				BB5D0D8A239F655B002CEA09 /* TestEntryView.swift */,
				0AACE9C123A27497004A1BC1 /* theme_red.plist */,
				0AACE9C323A274DB004A1BC1 /* theme_blue.plist */,
			);
			name = TestWindow;
			sourceTree = "<group>";
		};
		0A533037238EBBEC009B5375 /* Core */ = {
			isa = PBXGroup;
			children = (
				BB6C9A60239DF3F300822180 /* Core.swift */,
				BB41B29823A78EB400BD1EF4 /* Archive.swift */,
				0A768A4D239955A90027A68A /* Metrics.swift */,
				BB8D53D12399DFFB008BA419 /* Path.swift */,
				BB8D53D32399E04A008BA419 /* Base64.swift */,
				BB8D53D52399E07D008BA419 /* Formatter.swift */,
				BB8D53DD2399F931008BA419 /* Layout.swift */,
				0A300D20239C90310025FC04 /* UIElement.swift */,
				BB6C9A62239DF52400822180 /* RichText.swift */,
				BB3C5AEE23AB1EED0078F953 /* GlobalImport.swift */,
			);
			path = Core;
			sourceTree = "<group>";
		};
		0A8E76BB23A48F2000AFA2BA /* TestHierachy */ = {
			isa = PBXGroup;
			children = (
				0A8E76BC23A48F4F00AFA2BA /* TestHierachyRedVC.swift */,
			);
			name = TestHierachy;
			sourceTree = "<group>";
		};
		0AAD582123A3E43200E62092 /* images */ = {
			isa = PBXGroup;
			children = (
				BB11C65323A3AB7E00008938 /* navbar_back_dark@2x.png */,
				BB11C65223A3AB7E00008938 /* navbar_back_dark@3x.png */,
				BB11C65423A3AB7E00008938 /* navbar_back_light@2x.png */,
				BB11C65523A3AB7E00008938 /* navbar_back_light@3x.png */,
			);
			name = images;
			sourceTree = "<group>";
		};
		0ACBB21023A4A19A0069F4D7 /* AccountManager */ = {
			isa = PBXGroup;
			children = (
				0ACBB21123A4A1BD0069F4D7 /* AccountManager.swift */,
				0A11FDA023A7C65B00BF4BED /* UserModel.swift */,
			);
			name = AccountManager;
			sourceTree = "<group>";
		};
		0ACBB21323A5EF590069F4D7 /* Resources */ = {
			isa = PBXGroup;
			children = (
				0ACBB21423A5EF590069F4D7 /* Localizable.strings */,
			);
			path = Resources;
			sourceTree = "<group>";
		};
		82E1CCD52881DC49E334EA78 /* Frameworks */ = {
			isa = PBXGroup;
			children = (
				B939E3EA71620A7E4506A704 /* Pods_Foobar.framework */,
			);
			name = Frameworks;
			sourceTree = "<group>";
		};
		91BF59AB889CCFC5F9740B26 /* Pods */ = {
			isa = PBXGroup;
			children = (
				F83B494BE851057FCED14615 /* Pods-Foobar.debug.xcconfig */,
				2BCD74F1A55A7280F3DB3800 /* Pods-Foobar.release.xcconfig */,
			);
			path = Pods;
			sourceTree = "<group>";
		};
		BB3C5AF223AB47560078F953 /* StaticTableView */ = {
			isa = PBXGroup;
			children = (
				BB3C5AF023AB46270078F953 /* TestStaticVC.swift */,
			);
			name = StaticTableView;
			sourceTree = "<group>";
		};
		BB46288F239E54A600989126 /* PageState */ = {
			isa = PBXGroup;
			children = (
				BB462892239E5BE900989126 /* PageState.swift */,
				0A9B191A23A13434008906F0 /* PageStateView.swift */,
			);
			name = PageState;
			sourceTree = "<group>";
		};
		BB462896239E5CB200989126 /* TestViewState */ = {
			isa = PBXGroup;
			children = (
				0A9B191823A12E47008906F0 /* TestViewStateRootVC.swift */,
				BB462899239E5CDF00989126 /* TestViewStateVC.swift */,
			);
			name = TestViewState;
			sourceTree = "<group>";
		};
		BB6C9A68239E425600822180 /* Root */ = {
			isa = PBXGroup;
			children = (
				0A2CF4082391530D00F914C5 /* FBRootVC.swift */,
				0A2CF4092391530D00F914C5 /* FBRootVC.xib */,
				0A8E76B923A4845D00AFA2BA /* TestAutolayoutView.swift */,
				0A2CF41723916DA400F914C5 /* FBRootCell.swift */,
				0A2CF41823916DA400F914C5 /* FBRootCell.xib */,
			);
			name = Root;
			sourceTree = "<group>";
		};
		BB6C9A69239E429800822180 /* TestReusable */ = {
			isa = PBXGroup;
			children = (
				BB5885A4239E44780051220C /* TestLoadView.swift */,
				BB5885A2239E44650051220C /* TestLoadView.xib */,
				BB462885239E477900989126 /* TestReusableVC.swift */,
				BB462886239E477900989126 /* TestReusableVC.xib */,
				BB462889239E478E00989126 /* TestReusableTC.swift */,
				BB46288A239E478E00989126 /* TestReusableTC.xib */,
				BB46288D239E49A400989126 /* TestReusableXXTC.swift */,
			);
			name = TestReusable;
			sourceTree = "<group>";
		};
		BB8A3A1F239DD5A000DF3125 /* Test */ = {
			isa = PBXGroup;
			children = (
				BBEA347E23A8C71F00FBC575 /* Misc */,
				0A8E76BB23A48F2000AFA2BA /* TestHierachy */,
				0A384B49239EA8AB00CBE1F8 /* TestWindow */,
				BBEA348023A8C74700FBC575 /* PullToRefresh */,
				BBEA347F23A8C73B00FBC575 /* Autolayout */,
				BBEA347D23A8C6E600FBC575 /* Codable */,
				BB462896239E5CB200989126 /* TestViewState */,
				BB6C9A69239E429800822180 /* TestReusable */,
				BB7959C923A8D6C000A21343 /* TestProtocolVC.swift */,
				BB3C5AEC23AB1DD40078F953 /* TestScrollPageVC.swift */,
				BB3C5AF223AB47560078F953 /* StaticTableView */,
			);
			path = Test;
			sourceTree = "<group>";
		};
		BB91D2B2238E35130048D384 = {
			isa = PBXGroup;
			children = (
				BB91D2BD238E35130048D384 /* Foobar */,
				BB91D2BC238E35130048D384 /* Products */,
				91BF59AB889CCFC5F9740B26 /* Pods */,
				82E1CCD52881DC49E334EA78 /* Frameworks */,
			);
			sourceTree = "<group>";
		};
		BB91D2BC238E35130048D384 /* Products */ = {
			isa = PBXGroup;
			children = (
				BB91D2BB238E35130048D384 /* Foobar.app */,
			);
			name = Products;
			sourceTree = "<group>";
		};
		BB91D2BD238E35130048D384 /* Foobar */ = {
			isa = PBXGroup;
			children = (
				0A2CF4162391675A00F914C5 /* README.md */,
				BB91D2BE238E35130048D384 /* AppDelegate.swift */,
				BB91D2C2238E35130048D384 /* ViewController.swift */,
				BB91D2C4238E35130048D384 /* Main.storyboard */,
				BB91D2C7238E35160048D384 /* Assets.xcassets */,
				BB91D2C9238E35160048D384 /* LaunchScreen.storyboard */,
				BB91D2CC238E35160048D384 /* Info.plist */,
				BB6C9A68239E425600822180 /* Root */,
				BB8A3A1F239DD5A000DF3125 /* Test */,
				BB91D2DE238E451E0048D384 /* Extentions */,
				0A533037238EBBEC009B5375 /* Core */,
				0A19DCD0239B447F00CA5D24 /* Common */,
				0A01F7672392400800A6E5E6 /* Utils */,
				0ACBB21323A5EF590069F4D7 /* Resources */,
			);
			path = Foobar;
			sourceTree = "<group>";
		};
		BB91D2DE238E451E0048D384 /* Extentions */ = {
			isa = PBXGroup;
			children = (
				0A53303A238EC957009B5375 /* DataStringExt.swift */,
				0A53303C238EC965009B5375 /* StringExt.swift */,
				0A300D1E239C8C030025FC04 /* FloatingPointExt.swift */,
				BB9D82E423A9F46B00CE73A1 /* ArrayExt.swift */,
				0A53A527239E7E9C00A51A54 /* UIImageExt.swift */,
				BB91D2DF238E451E0048D384 /* UIViewExt.swift */,
				0A300D24239D04F00025FC04 /* UIButtonExt.swift */,
				0A300D22239CBB470025FC04 /* UIViewControllerExt.swift */,
			);
			path = Extentions;
			sourceTree = "<group>";
		};
		BBB14E772394A1C400E6E5D9 /* Network */ = {
			isa = PBXGroup;
			children = (
				0A01F7682392400800A6E5E6 /* HTTPManager.swift */,
			);
			name = Network;
			sourceTree = "<group>";
		};
		BBE7DCB523A23DD7009A650F /* Expiration */ = {
			isa = PBXGroup;
			children = (
				BBE7DCB323A23BE7009A650F /* Expiration.swift */,
			);
			name = Expiration;
			sourceTree = "<group>";
		};
		BBE7DCB623A23ED5009A650F /* Views */ = {
			isa = PBXGroup;
			children = (
				0A19DCDA239B465300CA5D24 /* IconLabel.swift */,
				BB7959CB23A8ECA900A21343 /* FlowView.swift */,
				BBEA347823A8A0A400FBC575 /* PullToRefresh.swift */,
			);
			name = Views;
			sourceTree = "<group>";
		};
		BBEA347D23A8C6E600FBC575 /* Codable */ = {
			isa = PBXGroup;
			children = (
				0ACBB21B23A5FDEE0069F4D7 /* TestJSONVC.swift */,
				0ACBB21D23A6319C0069F4D7 /* TestJSON.swift */,
			);
			name = Codable;
			sourceTree = "<group>";
		};
		BBEA347E23A8C71F00FBC575 /* Misc */ = {
			isa = PBXGroup;
			children = (
				BB8A3A20239DD5A000DF3125 /* TestMultiLineButton.swift */,
				BB6C9A64239E06DA00822180 /* TestThen.swift */,
			);
			name = Misc;
			sourceTree = "<group>";
		};
		BBEA347F23A8C73B00FBC575 /* Autolayout */ = {
			isa = PBXGroup;
			children = (
				BBEA347B23A8BA4700FBC575 /* TestAutolayoutVC.swift */,
			);
			name = Autolayout;
			sourceTree = "<group>";
		};
		BBEA348023A8C74700FBC575 /* PullToRefresh */ = {
			isa = PBXGroup;
			children = (
				BBEA347423A866DE00FBC575 /* TestPullToRefreshVC.swift */,
			);
			name = PullToRefresh;
			sourceTree = "<group>";
		};
/* End PBXGroup section */

/* Begin PBXNativeTarget section */
		BB91D2BA238E35130048D384 /* Foobar */ = {
			isa = PBXNativeTarget;
			buildConfigurationList = BB91D2CF238E35160048D384 /* Build configuration list for PBXNativeTarget "Foobar" */;
			buildPhases = (
				A4A695703A4F4C30F7ED9C25 /* [CP] Check Pods Manifest.lock */,
				BB91D2B7238E35130048D384 /* Sources */,
				BB91D2B8238E35130048D384 /* Frameworks */,
				BB91D2B9238E35130048D384 /* Resources */,
				B6225AA39B1BF0EFA059BD70 /* [CP] Embed Pods Frameworks */,
			);
			buildRules = (
			);
			dependencies = (
			);
			name = Foobar;
			productName = Foobar;
			productReference = BB91D2BB238E35130048D384 /* Foobar.app */;
			productType = "com.apple.product-type.application";
		};
/* End PBXNativeTarget section */

/* Begin PBXProject section */
		BB91D2B3238E35130048D384 /* Project object */ = {
			isa = PBXProject;
			attributes = {
				LastSwiftUpdateCheck = 1110;
				LastUpgradeCheck = 1110;
				ORGANIZATIONNAME = firefly;
				TargetAttributes = {
					BB91D2BA238E35130048D384 = {
						CreatedOnToolsVersion = 11.1;
					};
				};
			};
			buildConfigurationList = BB91D2B6238E35130048D384 /* Build configuration list for PBXProject "Foobar" */;
			compatibilityVersion = "Xcode 9.3";
			developmentRegion = en;
			hasScannedForEncodings = 0;
			knownRegions = (
				en,
				Base,
				"zh-Hans",
				"zh-Hant",
			);
			mainGroup = BB91D2B2238E35130048D384;
			productRefGroup = BB91D2BC238E35130048D384 /* Products */;
			projectDirPath = "";
			projectRoot = "";
			targets = (
				BB91D2BA238E35130048D384 /* Foobar */,
			);
		};
/* End PBXProject section */

/* Begin PBXResourcesBuildPhase section */
		BB91D2B9238E35130048D384 /* Resources */ = {
			isa = PBXResourcesBuildPhase;
			buildActionMask = 2147483647;
			files = (
				BB11C65623A3AB7E00008938 /* navbar_back_dark@3x.png in Resources */,
				BB91D2CB238E35160048D384 /* LaunchScreen.storyboard in Resources */,
				BB11C65723A3AB7E00008938 /* navbar_back_dark@2x.png in Resources */,
				0A384B4D239EA8E600CBE1F8 /* TestWindowVC.xib in Resources */,
				BB11C65823A3AB7E00008938 /* navbar_back_light@2x.png in Resources */,
				0AACE9C223A27497004A1BC1 /* theme_red.plist in Resources */,
				BB11C65923A3AB7E00008938 /* navbar_back_light@3x.png in Resources */,
				0A2CF40B2391530D00F914C5 /* FBRootVC.xib in Resources */,
				0A2CF41A23916DA400F914C5 /* FBRootCell.xib in Resources */,
				BB462888239E477900989126 /* TestReusableVC.xib in Resources */,
				0AACE9C423A274DB004A1BC1 /* theme_blue.plist in Resources */,
				0ACBB21823A5EF590069F4D7 /* Localizable.strings in Resources */,
				BB91D2C8238E35160048D384 /* Assets.xcassets in Resources */,
				BB46288C239E478E00989126 /* TestReusableTC.xib in Resources */,
				BB5885A3239E44650051220C /* TestLoadView.xib in Resources */,
				BB91D2C6238E35130048D384 /* Main.storyboard in Resources */,
			);
			runOnlyForDeploymentPostprocessing = 0;
		};
/* End PBXResourcesBuildPhase section */

/* Begin PBXShellScriptBuildPhase section */
		A4A695703A4F4C30F7ED9C25 /* [CP] Check Pods Manifest.lock */ = {
			isa = PBXShellScriptBuildPhase;
			buildActionMask = 2147483647;
			files = (
			);
			inputFileListPaths = (
			);
			inputPaths = (
				"${PODS_PODFILE_DIR_PATH}/Podfile.lock",
				"${PODS_ROOT}/Manifest.lock",
			);
			name = "[CP] Check Pods Manifest.lock";
			outputFileListPaths = (
			);
			outputPaths = (
				"$(DERIVED_FILE_DIR)/Pods-Foobar-checkManifestLockResult.txt",
			);
			runOnlyForDeploymentPostprocessing = 0;
			shellPath = /bin/sh;
			shellScript = "diff \"${PODS_PODFILE_DIR_PATH}/Podfile.lock\" \"${PODS_ROOT}/Manifest.lock\" > /dev/null\nif [ $? != 0 ] ; then\n    # print error to STDERR\n    echo \"error: The sandbox is not in sync with the Podfile.lock. Run 'pod install' or update your CocoaPods installation.\" >&2\n    exit 1\nfi\n# This output is used by Xcode 'outputs' to avoid re-running this script phase.\necho \"SUCCESS\" > \"${SCRIPT_OUTPUT_FILE_0}\"\n";
			showEnvVarsInLog = 0;
		};
		B6225AA39B1BF0EFA059BD70 /* [CP] Embed Pods Frameworks */ = {
			isa = PBXShellScriptBuildPhase;
			buildActionMask = 2147483647;
			files = (
			);
			inputFileListPaths = (
				"${PODS_ROOT}/Target Support Files/Pods-Foobar/Pods-Foobar-frameworks-${CONFIGURATION}-input-files.xcfilelist",
			);
			name = "[CP] Embed Pods Frameworks";
			outputFileListPaths = (
				"${PODS_ROOT}/Target Support Files/Pods-Foobar/Pods-Foobar-frameworks-${CONFIGURATION}-output-files.xcfilelist",
			);
			runOnlyForDeploymentPostprocessing = 0;
			shellPath = /bin/sh;
			shellScript = "\"${PODS_ROOT}/Target Support Files/Pods-Foobar/Pods-Foobar-frameworks.sh\"\n";
			showEnvVarsInLog = 0;
		};
/* End PBXShellScriptBuildPhase section */

/* Begin PBXSourcesBuildPhase section */
		BB91D2B7238E35130048D384 /* Sources */ = {
			isa = PBXSourcesBuildPhase;
			buildActionMask = 2147483647;
			files = (
				0A768A4E239955A90027A68A /* Metrics.swift in Sources */,
				BB8D53DE2399F931008BA419 /* Layout.swift in Sources */,
				BB8D53D62399E07D008BA419 /* Formatter.swift in Sources */,
				BB91D2C3238E35130048D384 /* ViewController.swift in Sources */,
				BB91D2E0238E451E0048D384 /* UIViewExt.swift in Sources */,
				BBE7DCB823A23EF7009A650F /* BaseViewController.swift in Sources */,
				BBBB060D239F58820004613C /* Drop.swift in Sources */,
				BB7959CC23A8ECA900A21343 /* FlowView.swift in Sources */,
				BB5885A5239E44780051220C /* TestLoadView.swift in Sources */,
				0A300D1F239C8C030025FC04 /* FloatingPointExt.swift in Sources */,
				BB6C9A61239DF3F300822180 /* Core.swift in Sources */,
				BB46289A239E5CDF00989126 /* TestViewStateVC.swift in Sources */,
				0A53303B238EC957009B5375 /* DataStringExt.swift in Sources */,
				BBBB060A239F403B0004613C /* Overlay.swift in Sources */,
				BBE7DCB223A23351009A650F /* TestCodingObject.swift in Sources */,
				BB46288B239E478E00989126 /* TestReusableTC.swift in Sources */,
				BBBB0608239F2DB60004613C /* ThroughView.swift in Sources */,
				0A19DCDB239B465300CA5D24 /* IconLabel.swift in Sources */,
				0A8E76BA23A4845D00AFA2BA /* TestAutolayoutView.swift in Sources */,
				0ACBB21C23A5FDEE0069F4D7 /* TestJSONVC.swift in Sources */,
				BB462887239E477900989126 /* TestReusableVC.swift in Sources */,
				BB462893239E5BE900989126 /* PageState.swift in Sources */,
				BB8D53D42399E04A008BA419 /* Base64.swift in Sources */,
				BBE7DCB423A23BE7009A650F /* Expiration.swift in Sources */,
				BBE7DCDE23A24C9B009A650F /* TestCircleView.swift in Sources */,
				0A01F7692392400800A6E5E6 /* HTTPManager.swift in Sources */,
				BB3C5AF123AB46270078F953 /* TestStaticVC.swift in Sources */,
				BB8D53D22399DFFB008BA419 /* Path.swift in Sources */,
				0A53303D238EC965009B5375 /* StringExt.swift in Sources */,
				BBE7DCE023A25423009A650F /* TestLabel.swift in Sources */,
				0AACE9C623A27A6A004A1BC1 /* ToolBar.swift in Sources */,
				BB8A3A21239DD5A000DF3125 /* TestMultiLineButton.swift in Sources */,
				BB6C9A63239DF52400822180 /* RichText.swift in Sources */,
				0ACBB21E23A6319C0069F4D7 /* TestJSON.swift in Sources */,
				BB3C5AED23AB1DD40078F953 /* TestScrollPageVC.swift in Sources */,
				BB9D82E523A9F46B00CE73A1 /* ArrayExt.swift in Sources */,
				BB6C9A65239E06DA00822180 /* TestThen.swift in Sources */,
				BBEA347523A866DE00FBC575 /* TestPullToRefreshVC.swift in Sources */,
				BBE5F1A423A31D2F00DC9978 /* NavBar.swift in Sources */,
				0A2CF40A2391530D00F914C5 /* FBRootVC.swift in Sources */,
				BB3C5AEF23AB1EED0078F953 /* GlobalImport.swift in Sources */,
				0A8E76BD23A48F4F00AFA2BA /* TestHierachyRedVC.swift in Sources */,
				0ACBB21223A4A1BD0069F4D7 /* AccountManager.swift in Sources */,
				0A300D25239D04F00025FC04 /* UIButtonExt.swift in Sources */,
				0A300D23239CBB470025FC04 /* UIViewControllerExt.swift in Sources */,
				0A11FDA123A7C65B00BF4BED /* UserModel.swift in Sources */,
				0A2CF41923916DA400F914C5 /* FBRootCell.swift in Sources */,
				BB7959CA23A8D6C000A21343 /* TestProtocolVC.swift in Sources */,
				BB91D2BF238E35130048D384 /* AppDelegate.swift in Sources */,
				0A9B191923A12E47008906F0 /* TestViewStateRootVC.swift in Sources */,
				BBEA347923A8A0A400FBC575 /* PullToRefresh.swift in Sources */,
				BB41B29923A78EB400BD1EF4 /* Archive.swift in Sources */,
				BB5D0D8B239F655B002CEA09 /* TestEntryView.swift in Sources */,
				0A384B4C239EA8E600CBE1F8 /* TestWindowVC.swift in Sources */,
				BBEA347C23A8BA4700FBC575 /* TestAutolayoutVC.swift in Sources */,
				0A9B191B23A13434008906F0 /* PageStateView.swift in Sources */,
				BB46288E239E49A400989126 /* TestReusableXXTC.swift in Sources */,
				0A300D21239C90310025FC04 /* UIElement.swift in Sources */,
				0A53A528239E7E9C00A51A54 /* UIImageExt.swift in Sources */,
			);
			runOnlyForDeploymentPostprocessing = 0;
		};
/* End PBXSourcesBuildPhase section */

/* Begin PBXVariantGroup section */
		0ACBB21423A5EF590069F4D7 /* Localizable.strings */ = {
			isa = PBXVariantGroup;
			children = (
				0ACBB21523A5EF590069F4D7 /* zh-Hans */,
				0ACBB21623A5EF590069F4D7 /* en */,
				0ACBB21723A5EF590069F4D7 /* zh-Hant */,
			);
			name = Localizable.strings;
			sourceTree = "<group>";
		};
		BB91D2C4238E35130048D384 /* Main.storyboard */ = {
			isa = PBXVariantGroup;
			children = (
				BB91D2C5238E35130048D384 /* Base */,
			);
			name = Main.storyboard;
			sourceTree = "<group>";
		};
		BB91D2C9238E35160048D384 /* LaunchScreen.storyboard */ = {
			isa = PBXVariantGroup;
			children = (
				BB91D2CA238E35160048D384 /* Base */,
			);
			name = LaunchScreen.storyboard;
			sourceTree = "<group>";
		};
/* End PBXVariantGroup section */

/* Begin XCBuildConfiguration section */
		BB91D2CD238E35160048D384 /* Debug */ = {
			isa = XCBuildConfiguration;
			buildSettings = {
				ALWAYS_SEARCH_USER_PATHS = NO;
				CLANG_ANALYZER_LOCALIZABILITY_NONLOCALIZED = YES;
				CLANG_ANALYZER_NONNULL = YES;
				CLANG_ANALYZER_NUMBER_OBJECT_CONVERSION = YES_AGGRESSIVE;
				CLANG_CXX_LANGUAGE_STANDARD = "gnu++14";
				CLANG_CXX_LIBRARY = "libc++";
				CLANG_ENABLE_MODULES = YES;
				CLANG_ENABLE_OBJC_ARC = YES;
				CLANG_ENABLE_OBJC_WEAK = YES;
				CLANG_WARN_BLOCK_CAPTURE_AUTORELEASING = YES;
				CLANG_WARN_BOOL_CONVERSION = YES;
				CLANG_WARN_COMMA = YES;
				CLANG_WARN_CONSTANT_CONVERSION = YES;
				CLANG_WARN_DEPRECATED_OBJC_IMPLEMENTATIONS = YES;
				CLANG_WARN_DIRECT_OBJC_ISA_USAGE = YES_ERROR;
				CLANG_WARN_DOCUMENTATION_COMMENTS = YES;
				CLANG_WARN_EMPTY_BODY = YES;
				CLANG_WARN_ENUM_CONVERSION = YES;
				CLANG_WARN_INFINITE_RECURSION = YES;
				CLANG_WARN_INT_CONVERSION = YES;
				CLANG_WARN_NON_LITERAL_NULL_CONVERSION = YES;
				CLANG_WARN_OBJC_IMPLICIT_RETAIN_SELF = YES;
				CLANG_WARN_OBJC_LITERAL_CONVERSION = YES;
				CLANG_WARN_OBJC_ROOT_CLASS = YES_ERROR;
				CLANG_WARN_RANGE_LOOP_ANALYSIS = YES;
				CLANG_WARN_STRICT_PROTOTYPES = YES;
				CLANG_WARN_SUSPICIOUS_MOVE = YES;
				CLANG_WARN_UNGUARDED_AVAILABILITY = YES_AGGRESSIVE;
				CLANG_WARN_UNREACHABLE_CODE = YES;
				CLANG_WARN__DUPLICATE_METHOD_MATCH = YES;
				COPY_PHASE_STRIP = NO;
				DEBUG_INFORMATION_FORMAT = dwarf;
				ENABLE_STRICT_OBJC_MSGSEND = YES;
				ENABLE_TESTABILITY = YES;
				GCC_C_LANGUAGE_STANDARD = gnu11;
				GCC_DYNAMIC_NO_PIC = NO;
				GCC_NO_COMMON_BLOCKS = YES;
				GCC_OPTIMIZATION_LEVEL = 0;
				GCC_PREPROCESSOR_DEFINITIONS = (
					"DEBUG=1",
					"$(inherited)",
				);
				GCC_WARN_64_TO_32_BIT_CONVERSION = YES;
				GCC_WARN_ABOUT_RETURN_TYPE = YES_ERROR;
				GCC_WARN_UNDECLARED_SELECTOR = YES;
				GCC_WARN_UNINITIALIZED_AUTOS = YES_AGGRESSIVE;
				GCC_WARN_UNUSED_FUNCTION = YES;
				GCC_WARN_UNUSED_VARIABLE = YES;
				IPHONEOS_DEPLOYMENT_TARGET = 13.1;
				MTL_ENABLE_DEBUG_INFO = INCLUDE_SOURCE;
				MTL_FAST_MATH = YES;
				ONLY_ACTIVE_ARCH = YES;
				SDKROOT = iphoneos;
				SWIFT_ACTIVE_COMPILATION_CONDITIONS = DEBUG;
				SWIFT_OPTIMIZATION_LEVEL = "-Onone";
			};
			name = Debug;
		};
		BB91D2CE238E35160048D384 /* Release */ = {
			isa = XCBuildConfiguration;
			buildSettings = {
				ALWAYS_SEARCH_USER_PATHS = NO;
				CLANG_ANALYZER_LOCALIZABILITY_NONLOCALIZED = YES;
				CLANG_ANALYZER_NONNULL = YES;
				CLANG_ANALYZER_NUMBER_OBJECT_CONVERSION = YES_AGGRESSIVE;
				CLANG_CXX_LANGUAGE_STANDARD = "gnu++14";
				CLANG_CXX_LIBRARY = "libc++";
				CLANG_ENABLE_MODULES = YES;
				CLANG_ENABLE_OBJC_ARC = YES;
				CLANG_ENABLE_OBJC_WEAK = YES;
				CLANG_WARN_BLOCK_CAPTURE_AUTORELEASING = YES;
				CLANG_WARN_BOOL_CONVERSION = YES;
				CLANG_WARN_COMMA = YES;
				CLANG_WARN_CONSTANT_CONVERSION = YES;
				CLANG_WARN_DEPRECATED_OBJC_IMPLEMENTATIONS = YES;
				CLANG_WARN_DIRECT_OBJC_ISA_USAGE = YES_ERROR;
				CLANG_WARN_DOCUMENTATION_COMMENTS = YES;
				CLANG_WARN_EMPTY_BODY = YES;
				CLANG_WARN_ENUM_CONVERSION = YES;
				CLANG_WARN_INFINITE_RECURSION = YES;
				CLANG_WARN_INT_CONVERSION = YES;
				CLANG_WARN_NON_LITERAL_NULL_CONVERSION = YES;
				CLANG_WARN_OBJC_IMPLICIT_RETAIN_SELF = YES;
				CLANG_WARN_OBJC_LITERAL_CONVERSION = YES;
				CLANG_WARN_OBJC_ROOT_CLASS = YES_ERROR;
				CLANG_WARN_RANGE_LOOP_ANALYSIS = YES;
				CLANG_WARN_STRICT_PROTOTYPES = YES;
				CLANG_WARN_SUSPICIOUS_MOVE = YES;
				CLANG_WARN_UNGUARDED_AVAILABILITY = YES_AGGRESSIVE;
				CLANG_WARN_UNREACHABLE_CODE = YES;
				CLANG_WARN__DUPLICATE_METHOD_MATCH = YES;
				COPY_PHASE_STRIP = NO;
				DEBUG_INFORMATION_FORMAT = "dwarf-with-dsym";
				ENABLE_NS_ASSERTIONS = NO;
				ENABLE_STRICT_OBJC_MSGSEND = YES;
				GCC_C_LANGUAGE_STANDARD = gnu11;
				GCC_NO_COMMON_BLOCKS = YES;
				GCC_WARN_64_TO_32_BIT_CONVERSION = YES;
				GCC_WARN_ABOUT_RETURN_TYPE = YES_ERROR;
				GCC_WARN_UNDECLARED_SELECTOR = YES;
				GCC_WARN_UNINITIALIZED_AUTOS = YES_AGGRESSIVE;
				GCC_WARN_UNUSED_FUNCTION = YES;
				GCC_WARN_UNUSED_VARIABLE = YES;
				IPHONEOS_DEPLOYMENT_TARGET = 13.1;
				MTL_ENABLE_DEBUG_INFO = NO;
				MTL_FAST_MATH = YES;
				SDKROOT = iphoneos;
				SWIFT_COMPILATION_MODE = wholemodule;
				SWIFT_OPTIMIZATION_LEVEL = "-O";
				VALIDATE_PRODUCT = YES;
			};
			name = Release;
		};
		BB91D2D0238E35160048D384 /* Debug */ = {
			isa = XCBuildConfiguration;
			baseConfigurationReference = F83B494BE851057FCED14615 /* Pods-Foobar.debug.xcconfig */;
			buildSettings = {
				ASSETCATALOG_COMPILER_APPICON_NAME = AppIcon;
				CODE_SIGN_STYLE = Automatic;
				INFOPLIST_FILE = Foobar/Info.plist;
				IPHONEOS_DEPLOYMENT_TARGET = 10.0;
				LD_RUNPATH_SEARCH_PATHS = (
					"$(inherited)",
					"@executable_path/Frameworks",
				);
				PRODUCT_BUNDLE_IDENTIFIER = com.firefly.Foobar;
				PRODUCT_NAME = "$(TARGET_NAME)";
				SWIFT_VERSION = 5.0;
				TARGETED_DEVICE_FAMILY = 1;
			};
			name = Debug;
		};
		BB91D2D1238E35160048D384 /* Release */ = {
			isa = XCBuildConfiguration;
			baseConfigurationReference = 2BCD74F1A55A7280F3DB3800 /* Pods-Foobar.release.xcconfig */;
			buildSettings = {
				ASSETCATALOG_COMPILER_APPICON_NAME = AppIcon;
				CODE_SIGN_STYLE = Automatic;
				INFOPLIST_FILE = Foobar/Info.plist;
				IPHONEOS_DEPLOYMENT_TARGET = 10.0;
				LD_RUNPATH_SEARCH_PATHS = (
					"$(inherited)",
					"@executable_path/Frameworks",
				);
				PRODUCT_BUNDLE_IDENTIFIER = com.firefly.Foobar;
				PRODUCT_NAME = "$(TARGET_NAME)";
				SWIFT_VERSION = 5.0;
				TARGETED_DEVICE_FAMILY = 1;
			};
			name = Release;
		};
/* End XCBuildConfiguration section */

/* Begin XCConfigurationList section */
		BB91D2B6238E35130048D384 /* Build configuration list for PBXProject "Foobar" */ = {
			isa = XCConfigurationList;
			buildConfigurations = (
				BB91D2CD238E35160048D384 /* Debug */,
				BB91D2CE238E35160048D384 /* Release */,
			);
			defaultConfigurationIsVisible = 0;
			defaultConfigurationName = Release;
		};
		BB91D2CF238E35160048D384 /* Build configuration list for PBXNativeTarget "Foobar" */ = {
			isa = XCConfigurationList;
			buildConfigurations = (
				BB91D2D0238E35160048D384 /* Debug */,
				BB91D2D1238E35160048D384 /* Release */,
			);
			defaultConfigurationIsVisible = 0;
			defaultConfigurationName = Release;
		};
/* End XCConfigurationList section */
	};
	rootObject = BB91D2B3238E35130048D384 /* Project object */;
}
